
Microsoft Visual Studio Solution File, Format Version 12.00
# Visual Studio Version 16
VisualStudioVersion = 16.0.29806.167
MinimumVisualStudioVersion = 10.0.40219.1
Project("{8BC9CEB8-8B4A-11D0-8D11-00A0C91BC942}") = "LabProg", "LabProg\LabProg.vcxproj", "{5BB8A168-D565-48FD-89AC-A607941AA31A}"
EndProject
Global
	GlobalSection(SolutionConfigurationPlatforms) = preSolution
		Debug|x64 = Debug|x64
		Debug|x86 = Debug|x86
		Release|x64 = Release|x64
		Release|x86 = Release|x86
	EndGlobalSection
	GlobalSection(ProjectConfigurationPlatforms) = postSolution
		{5BB8A168-D565-48FD-89AC-A607941AA31A}.Debug|x64.ActiveCfg = Debug|x64
		{5BB8A168-D565-48FD-89AC-A607941AA31A}.Debug|x64.Build.0 = Debug|x64
		{5BB8A168-D565-48FD-89AC-A607941AA31A}.Debug|x86.ActiveCfg = Debug|Win32
		{5BB8A168-D565-48FD-89AC-A607941AA31A}.Debug|x86.Build.0 = Debug|Win32
		{5BB8A168-D565-48FD-89AC-A607941AA31A}.Release|x64.ActiveCfg = Release|x64
		{5BB8A168-D565-48FD-89AC-A607941AA31A}.Release|x64.Build.0 = Release|x64
		{5BB8A168-D565-48FD-89AC-A607941AA31A}.Release|x86.ActiveCfg = Release|Win32
		{5BB8A168-D565-48FD-89AC-A607941AA31A}.Release|x86.Build.0 = Release|Win32
	EndGlobalSection
	GlobalSection(SolutionProperties) = preSolution
		HideSolutionNode = FALSE
	EndGlobalSection
	GlobalSection(ExtensibilityGlobals) = postSolution
		SolutionGuid = {4976CBB2-E23B-4FD2-AA40-2E065399EBD7}
	EndGlobalSection
EndGlobal
